// !$*UTF8*$!
{
	archiveVersion = 1;
	classes = {
	};
	objectVersion = 51;
	objects = {

/* Begin PBXBuildFile section */
		7F07F31722C85F03008410C6 /* Settings.swift in Sources */ = {isa = PBXBuildFile; fileRef = 7F07F31622C85F03008410C6 /* Settings.swift */; };
		7F5C0C472312C0DA00F26963 /* QuantityTableCell.swift in Sources */ = {isa = PBXBuildFile; fileRef = 7F5C0C452312C0DA00F26963 /* QuantityTableCell.swift */; };
		7F5C0C482312C0DA00F26963 /* QuantityTableCell.xib in Resources */ = {isa = PBXBuildFile; fileRef = 7F5C0C462312C0DA00F26963 /* QuantityTableCell.xib */; };
		7F6B0FD922E8B1D30078C23D /* IntroViewController.swift in Sources */ = {isa = PBXBuildFile; fileRef = 7F6B0FD822E8B1D30078C23D /* IntroViewController.swift */; };
		7F73AEEF22BC87630087A4DA /* SplitCustomCell.xib in Resources */ = {isa = PBXBuildFile; fileRef = 7F73AEED22BC87630087A4DA /* SplitCustomCell.xib */; };
		7F7E42B022C674F9001A43F9 /* DinersCostViewController.swift in Sources */ = {isa = PBXBuildFile; fileRef = 7F7E42AF22C674F9001A43F9 /* DinersCostViewController.swift */; };
		7F9CAEB622FEFE50000CE91B /* DinerFoodViewController.swift in Sources */ = {isa = PBXBuildFile; fileRef = 7F9CAEB522FEFE50000CE91B /* DinerFoodViewController.swift */; };
		7FAB647E22DF68E700EB440E /* SplitTableCell.swift in Sources */ = {isa = PBXBuildFile; fileRef = 7F73AEEC22BC87630087A4DA /* SplitTableCell.swift */; };
		7FAB648022DF6E2B00EB440E /* FoodCostViewController.swift in Sources */ = {isa = PBXBuildFile; fileRef = 7FAB647F22DF6E2B00EB440E /* FoodCostViewController.swift */; };
		7FB47CFE22B5BF8E00BFBFEE /* DinersViewController.swift in Sources */ = {isa = PBXBuildFile; fileRef = 7FB47CFD22B5BF8E00BFBFEE /* DinersViewController.swift */; };
		7FB7C0F122B44F52003C03F4 /* AppDelegate.swift in Sources */ = {isa = PBXBuildFile; fileRef = 7FB7C0F022B44F52003C03F4 /* AppDelegate.swift */; };
		7FB7C0F322B44F52003C03F4 /* SplitViewController.swift in Sources */ = {isa = PBXBuildFile; fileRef = 7FB7C0F222B44F52003C03F4 /* SplitViewController.swift */; };
		7FB7C0F622B44F52003C03F4 /* Main.storyboard in Resources */ = {isa = PBXBuildFile; fileRef = 7FB7C0F422B44F52003C03F4 /* Main.storyboard */; };
		7FB7C0F922B44F52003C03F4 /* Split1.xcdatamodeld in Sources */ = {isa = PBXBuildFile; fileRef = 7FB7C0F722B44F52003C03F4 /* Split1.xcdatamodeld */; };
		7FB7C0FB22B44F59003C03F4 /* Assets.xcassets in Resources */ = {isa = PBXBuildFile; fileRef = 7FB7C0FA22B44F59003C03F4 /* Assets.xcassets */; };
		7FB7C0FE22B44F59003C03F4 /* LaunchScreen.storyboard in Resources */ = {isa = PBXBuildFile; fileRef = 7FB7C0FC22B44F59003C03F4 /* LaunchScreen.storyboard */; };
		7FCBDE9622F354AD00D55FF9 /* LaunchScreen.storyboard in Resources */ = {isa = PBXBuildFile; fileRef = 7FCBDE9522F354AD00D55FF9 /* LaunchScreen.storyboard */; };
		7FCF248C230EF40200A19260 /* Roboto 500.ttf in Resources */ = {isa = PBXBuildFile; fileRef = 7FCF248B230EF40200A19260 /* Roboto 500.ttf */; };
		7FCF248E230EF41E00A19260 /* Roboto 700.ttf in Resources */ = {isa = PBXBuildFile; fileRef = 7FCF248D230EF41E00A19260 /* Roboto 700.ttf */; };
		7FCF2490230EF44800A19260 /* Roboto regular.ttf in Resources */ = {isa = PBXBuildFile; fileRef = 7FCF248F230EF44800A19260 /* Roboto regular.ttf */; };
		7FCF2492230EF46900A19260 /* Lemon regular.ttf in Resources */ = {isa = PBXBuildFile; fileRef = 7FCF2491230EF46900A19260 /* Lemon regular.ttf */; };
		7FF21BE322C690BE00BBCDA3 /* FoodViewController.swift in Sources */ = {isa = PBXBuildFile; fileRef = 7F9C7FB222B5A9770019FF4A /* FoodViewController.swift */; };
		7FF46CE122F08D4900F842C9 /* Item.swift in Sources */ = {isa = PBXBuildFile; fileRef = 7FF46CE022F08D4900F842C9 /* Item.swift */; };
		7FF46CE322F08D9800F842C9 /* Person.swift in Sources */ = {isa = PBXBuildFile; fileRef = 7FF46CE222F08D9800F842C9 /* Person.swift */; };
		7FF7733322CA893C00A7353B /* CostEntry.swift in Sources */ = {isa = PBXBuildFile; fileRef = 7FF7733222CA893C00A7353B /* CostEntry.swift */; };
		7FF7733522CA905C00A7353B /* Notes in Resources */ = {isa = PBXBuildFile; fileRef = 7FF7733422CA905C00A7353B /* Notes */; };
		CC3FD0B082C30177FE92BAE8 /* Pods_Split1.framework in Frameworks */ = {isa = PBXBuildFile; fileRef = 9BD030D5FD876A691F3C908C /* Pods_Split1.framework */; };
/* End PBXBuildFile section */

/* Begin PBXFileReference section */
		48FBA6CCE5070BAC99204B82 /* Pods-Split1.debug.xcconfig */ = {isa = PBXFileReference; includeInIndex = 1; lastKnownFileType = text.xcconfig; name = "Pods-Split1.debug.xcconfig"; path = "Target Support Files/Pods-Split1/Pods-Split1.debug.xcconfig"; sourceTree = "<group>"; };
		7F07F31622C85F03008410C6 /* Settings.swift */ = {isa = PBXFileReference; lastKnownFileType = sourcecode.swift; path = Settings.swift; sourceTree = "<group>"; };
		7F5C0C452312C0DA00F26963 /* QuantityTableCell.swift */ = {isa = PBXFileReference; lastKnownFileType = sourcecode.swift; path = QuantityTableCell.swift; sourceTree = "<group>"; };
		7F5C0C462312C0DA00F26963 /* QuantityTableCell.xib */ = {isa = PBXFileReference; lastKnownFileType = file.xib; path = QuantityTableCell.xib; sourceTree = "<group>"; };
		7F6B0FD822E8B1D30078C23D /* IntroViewController.swift */ = {isa = PBXFileReference; lastKnownFileType = sourcecode.swift; path = IntroViewController.swift; sourceTree = "<group>"; };
		7F73AEEC22BC87630087A4DA /* SplitTableCell.swift */ = {isa = PBXFileReference; lastKnownFileType = sourcecode.swift; path = SplitTableCell.swift; sourceTree = "<group>"; };
		7F73AEED22BC87630087A4DA /* SplitCustomCell.xib */ = {isa = PBXFileReference; lastKnownFileType = file.xib; path = SplitCustomCell.xib; sourceTree = "<group>"; };
		7F7E42AF22C674F9001A43F9 /* DinersCostViewController.swift */ = {isa = PBXFileReference; lastKnownFileType = sourcecode.swift; path = DinersCostViewController.swift; sourceTree = "<group>"; };
		7F9C7FB222B5A9770019FF4A /* FoodViewController.swift */ = {isa = PBXFileReference; lastKnownFileType = sourcecode.swift; name = FoodViewController.swift; path = ../FoodViewController.swift; sourceTree = "<group>"; };
		7F9CAEB522FEFE50000CE91B /* DinerFoodViewController.swift */ = {isa = PBXFileReference; lastKnownFileType = sourcecode.swift; path = DinerFoodViewController.swift; sourceTree = "<group>"; };
		7FAB647F22DF6E2B00EB440E /* FoodCostViewController.swift */ = {isa = PBXFileReference; lastKnownFileType = sourcecode.swift; path = FoodCostViewController.swift; sourceTree = "<group>"; };
		7FB47CFD22B5BF8E00BFBFEE /* DinersViewController.swift */ = {isa = PBXFileReference; lastKnownFileType = sourcecode.swift; name = DinersViewController.swift; path = ../DinersViewController.swift; sourceTree = "<group>"; };
		7FB7C0ED22B44F52003C03F4 /* SPLIT!.app */ = {isa = PBXFileReference; explicitFileType = wrapper.application; includeInIndex = 0; path = "SPLIT!.app"; sourceTree = BUILT_PRODUCTS_DIR; };
		7FB7C0F022B44F52003C03F4 /* AppDelegate.swift */ = {isa = PBXFileReference; lastKnownFileType = sourcecode.swift; path = AppDelegate.swift; sourceTree = "<group>"; };
		7FB7C0F222B44F52003C03F4 /* SplitViewController.swift */ = {isa = PBXFileReference; lastKnownFileType = sourcecode.swift; path = SplitViewController.swift; sourceTree = "<group>"; };
		7FB7C0F522B44F52003C03F4 /* Base */ = {isa = PBXFileReference; lastKnownFileType = file.storyboard; name = Base; path = Base.lproj/Main.storyboard; sourceTree = "<group>"; };
		7FB7C0F822B44F52003C03F4 /* Split1.xcdatamodel */ = {isa = PBXFileReference; lastKnownFileType = wrapper.xcdatamodel; path = Split1.xcdatamodel; sourceTree = "<group>"; };
		7FB7C0FA22B44F59003C03F4 /* Assets.xcassets */ = {isa = PBXFileReference; lastKnownFileType = folder.assetcatalog; path = Assets.xcassets; sourceTree = "<group>"; };
		7FB7C0FD22B44F59003C03F4 /* Base */ = {isa = PBXFileReference; lastKnownFileType = file.storyboard; name = Base; path = Base.lproj/LaunchScreen.storyboard; sourceTree = "<group>"; };
		7FB7C0FF22B44F59003C03F4 /* Info.plist */ = {isa = PBXFileReference; lastKnownFileType = text.plist.xml; path = Info.plist; sourceTree = "<group>"; };
		7FCBDE9522F354AD00D55FF9 /* LaunchScreen.storyboard */ = {isa = PBXFileReference; lastKnownFileType = file.storyboard; path = LaunchScreen.storyboard; sourceTree = "<group>"; };
		7FCF248B230EF40200A19260 /* Roboto 500.ttf */ = {isa = PBXFileReference; lastKnownFileType = file; path = "Roboto 500.ttf"; sourceTree = "<group>"; };
		7FCF248D230EF41E00A19260 /* Roboto 700.ttf */ = {isa = PBXFileReference; lastKnownFileType = file; path = "Roboto 700.ttf"; sourceTree = "<group>"; };
		7FCF248F230EF44800A19260 /* Roboto regular.ttf */ = {isa = PBXFileReference; lastKnownFileType = file; path = "Roboto regular.ttf"; sourceTree = "<group>"; };
		7FCF2491230EF46900A19260 /* Lemon regular.ttf */ = {isa = PBXFileReference; lastKnownFileType = file; path = "Lemon regular.ttf"; sourceTree = "<group>"; };
		7FF46CE022F08D4900F842C9 /* Item.swift */ = {isa = PBXFileReference; lastKnownFileType = sourcecode.swift; path = Item.swift; sourceTree = "<group>"; };
		7FF46CE222F08D9800F842C9 /* Person.swift */ = {isa = PBXFileReference; lastKnownFileType = sourcecode.swift; path = Person.swift; sourceTree = "<group>"; };
		7FF7733222CA893C00A7353B /* CostEntry.swift */ = {isa = PBXFileReference; lastKnownFileType = sourcecode.swift; path = CostEntry.swift; sourceTree = "<group>"; };
		7FF7733422CA905C00A7353B /* Notes */ = {isa = PBXFileReference; lastKnownFileType = text; path = Notes; sourceTree = "<group>"; };
		9BD030D5FD876A691F3C908C /* Pods_Split1.framework */ = {isa = PBXFileReference; explicitFileType = wrapper.framework; includeInIndex = 0; path = Pods_Split1.framework; sourceTree = BUILT_PRODUCTS_DIR; };
		A8E09B714F875D5ED3DCD995 /* Pods-Split1.release.xcconfig */ = {isa = PBXFileReference; includeInIndex = 1; lastKnownFileType = text.xcconfig; name = "Pods-Split1.release.xcconfig"; path = "Target Support Files/Pods-Split1/Pods-Split1.release.xcconfig"; sourceTree = "<group>"; };
/* End PBXFileReference section */

/* Begin PBXFrameworksBuildPhase section */
		7FB7C0EA22B44F52003C03F4 /* Frameworks */ = {
			isa = PBXFrameworksBuildPhase;
			buildActionMask = 2147483647;
			files = (
				CC3FD0B082C30177FE92BAE8 /* Pods_Split1.framework in Frameworks */,
			);
			runOnlyForDeploymentPostprocessing = 0;
		};
/* End PBXFrameworksBuildPhase section */

/* Begin PBXGroup section */
		7A0F91D73D1B311F80AE0FC7 /* Pods */ = {
			isa = PBXGroup;
			children = (
				48FBA6CCE5070BAC99204B82 /* Pods-Split1.debug.xcconfig */,
				A8E09B714F875D5ED3DCD995 /* Pods-Split1.release.xcconfig */,
			);
			path = Pods;
			sourceTree = "<group>";
		};
		7F07F31022C6FF59008410C6 /* Controller */ = {
			isa = PBXGroup;
			children = (
				7FB7C0F222B44F52003C03F4 /* SplitViewController.swift */,
				7F9CAEB522FEFE50000CE91B /* DinerFoodViewController.swift */,
				7FAB647F22DF6E2B00EB440E /* FoodCostViewController.swift */,
				7F7E42AF22C674F9001A43F9 /* DinersCostViewController.swift */,
				7F6B0FD822E8B1D30078C23D /* IntroViewController.swift */,
				7F5C0C492312D64600F26963 /* New Group */,
				7FF7733422CA905C00A7353B /* Notes */,
			);
			path = Controller;
			sourceTree = "<group>";
		};
		7F07F31122C6FFD4008410C6 /* View */ = {
			isa = PBXGroup;
			children = (
				7FB7C0F422B44F52003C03F4 /* Main.storyboard */,
				7FCBDE9522F354AD00D55FF9 /* LaunchScreen.storyboard */,
			);
			path = View;
			sourceTree = "<group>";
		};
		7F5C0C492312D64600F26963 /* New Group */ = {
			isa = PBXGroup;
			children = (
				7F9C7FB222B5A9770019FF4A /* FoodViewController.swift */,
				7FB47CFD22B5BF8E00BFBFEE /* DinersViewController.swift */,
			);
			path = "New Group";
			sourceTree = "<group>";
		};
		7F73AEE722BC85F70087A4DA /* Model */ = {
			isa = PBXGroup;
			children = (
				7F73AEEC22BC87630087A4DA /* SplitTableCell.swift */,
				7F73AEED22BC87630087A4DA /* SplitCustomCell.xib */,
				7F07F31622C85F03008410C6 /* Settings.swift */,
				7FF7733222CA893C00A7353B /* CostEntry.swift */,
				7FF46CE022F08D4900F842C9 /* Item.swift */,
				7FF46CE222F08D9800F842C9 /* Person.swift */,
				7F5C0C452312C0DA00F26963 /* QuantityTableCell.swift */,
				7F5C0C462312C0DA00F26963 /* QuantityTableCell.xib */,
			);
			path = Model;
			sourceTree = "<group>";
		};
		7F776E5A23043F8600435E2E /* Text Files */ = {
			isa = PBXGroup;
			children = (
				7FCF2491230EF46900A19260 /* Lemon regular.ttf */,
				7FCF248F230EF44800A19260 /* Roboto regular.ttf */,
				7FCF248D230EF41E00A19260 /* Roboto 700.ttf */,
				7FCF248B230EF40200A19260 /* Roboto 500.ttf */,
			);
			path = "Text Files";
			sourceTree = "<group>";
		};
		7FB7C0E422B44F51003C03F4 = {
			isa = PBXGroup;
			children = (
				7FB7C0EF22B44F52003C03F4 /* Split1 */,
				7FB7C0EE22B44F52003C03F4 /* Products */,
				7A0F91D73D1B311F80AE0FC7 /* Pods */,
				ABAA976E5BA35B72FE8BD93A /* Frameworks */,
			);
			sourceTree = "<group>";
		};
		7FB7C0EE22B44F52003C03F4 /* Products */ = {
			isa = PBXGroup;
			children = (
				7FB7C0ED22B44F52003C03F4 /* SPLIT!.app */,
			);
			name = Products;
			sourceTree = "<group>";
		};
		7FB7C0EF22B44F52003C03F4 /* Split1 */ = {
			isa = PBXGroup;
			children = (
				7FB7C0F022B44F52003C03F4 /* AppDelegate.swift */,
				7F07F31022C6FF59008410C6 /* Controller */,
				7F07F31122C6FFD4008410C6 /* View */,
				7F73AEE722BC85F70087A4DA /* Model */,
				7FB7C0FA22B44F59003C03F4 /* Assets.xcassets */,
				7F776E5A23043F8600435E2E /* Text Files */,
				7FB7C0FC22B44F59003C03F4 /* LaunchScreen.storyboard */,
				7FB7C0FF22B44F59003C03F4 /* Info.plist */,
				7FB7C0F722B44F52003C03F4 /* Split1.xcdatamodeld */,
			);
			path = Split1;
			sourceTree = "<group>";
		};
		ABAA976E5BA35B72FE8BD93A /* Frameworks */ = {
			isa = PBXGroup;
			children = (
				9BD030D5FD876A691F3C908C /* Pods_Split1.framework */,
			);
			name = Frameworks;
			sourceTree = "<group>";
		};
/* End PBXGroup section */

/* Begin PBXNativeTarget section */
		7FB7C0EC22B44F52003C03F4 /* SPLIT! */ = {
			isa = PBXNativeTarget;
			buildConfigurationList = 7FB7C10222B44F59003C03F4 /* Build configuration list for PBXNativeTarget "SPLIT!" */;
			buildPhases = (
				AAE52A396838F173547BA128 /* [CP] Check Pods Manifest.lock */,
				7FB7C0E922B44F52003C03F4 /* Sources */,
				7FB7C0EA22B44F52003C03F4 /* Frameworks */,
				7FB7C0EB22B44F52003C03F4 /* Resources */,
				6E287A96CA4E6B4081F60672 /* [CP] Embed Pods Frameworks */,
			);
			buildRules = (
			);
			dependencies = (
			);
			name = "SPLIT!";
			productName = Split1;
			productReference = 7FB7C0ED22B44F52003C03F4 /* SPLIT!.app */;
			productType = "com.apple.product-type.application";
		};
/* End PBXNativeTarget section */

/* Begin PBXProject section */
		7FB7C0E522B44F51003C03F4 /* Project object */ = {
			isa = PBXProject;
			attributes = {
				LastSwiftUpdateCheck = 1020;
				LastUpgradeCheck = 1020;
				ORGANIZATIONNAME = "Gareth Rees";
				TargetAttributes = {
					7FB7C0EC22B44F52003C03F4 = {
						CreatedOnToolsVersion = 10.2.1;
					};
				};
			};
			buildConfigurationList = 7FB7C0E822B44F51003C03F4 /* Build configuration list for PBXProject "SPLIT!" */;
			compatibilityVersion = "Xcode 10.0";
			developmentRegion = en;
			hasScannedForEncodings = 0;
			knownRegions = (
				en,
				Base,
			);
			mainGroup = 7FB7C0E422B44F51003C03F4;
			productRefGroup = 7FB7C0EE22B44F52003C03F4 /* Products */;
			projectDirPath = "";
			projectRoot = "";
			targets = (
				7FB7C0EC22B44F52003C03F4 /* SPLIT! */,
			);
		};
/* End PBXProject section */

/* Begin PBXResourcesBuildPhase section */
		7FB7C0EB22B44F52003C03F4 /* Resources */ = {
			isa = PBXResourcesBuildPhase;
			buildActionMask = 2147483647;
			files = (
				7FB7C0FE22B44F59003C03F4 /* LaunchScreen.storyboard in Resources */,
				7FF7733522CA905C00A7353B /* Notes in Resources */,
				7FCF248E230EF41E00A19260 /* Roboto 700.ttf in Resources */,
				7FCF2490230EF44800A19260 /* Roboto regular.ttf in Resources */,
				7F73AEEF22BC87630087A4DA /* SplitCustomCell.xib in Resources */,
				7F5C0C482312C0DA00F26963 /* QuantityTableCell.xib in Resources */,
				7FCBDE9622F354AD00D55FF9 /* LaunchScreen.storyboard in Resources */,
				7FCF248C230EF40200A19260 /* Roboto 500.ttf in Resources */,
				7FB7C0FB22B44F59003C03F4 /* Assets.xcassets in Resources */,
				7FB7C0F622B44F52003C03F4 /* Main.storyboard in Resources */,
				7FCF2492230EF46900A19260 /* Lemon regular.ttf in Resources */,
			);
			runOnlyForDeploymentPostprocessing = 0;
		};
/* End PBXResourcesBuildPhase section */

/* Begin PBXShellScriptBuildPhase section */
		6E287A96CA4E6B4081F60672 /* [CP] Embed Pods Frameworks */ = {
			isa = PBXShellScriptBuildPhase;
			buildActionMask = 2147483647;
			files = (
			);
			inputFileListPaths = (
			);
			inputPaths = (
				"${PODS_ROOT}/Target Support Files/Pods-Split1/Pods-Split1-frameworks.sh",
				"${BUILT_PRODUCTS_DIR}/DropDown/DropDown.framework",
				"${BUILT_PRODUCTS_DIR}/Realm/Realm.framework",
				"${BUILT_PRODUCTS_DIR}/RealmSwift/RealmSwift.framework",
			);
			name = "[CP] Embed Pods Frameworks";
			outputFileListPaths = (
			);
			outputPaths = (
				"${TARGET_BUILD_DIR}/${FRAMEWORKS_FOLDER_PATH}/DropDown.framework",
				"${TARGET_BUILD_DIR}/${FRAMEWORKS_FOLDER_PATH}/Realm.framework",
				"${TARGET_BUILD_DIR}/${FRAMEWORKS_FOLDER_PATH}/RealmSwift.framework",
			);
			runOnlyForDeploymentPostprocessing = 0;
			shellPath = /bin/sh;
			shellScript = "\"${PODS_ROOT}/Target Support Files/Pods-Split1/Pods-Split1-frameworks.sh\"\n";
			showEnvVarsInLog = 0;
		};
		AAE52A396838F173547BA128 /* [CP] Check Pods Manifest.lock */ = {
			isa = PBXShellScriptBuildPhase;
			buildActionMask = 2147483647;
			files = (
			);
			inputFileListPaths = (
			);
			inputPaths = (
				"${PODS_PODFILE_DIR_PATH}/Podfile.lock",
				"${PODS_ROOT}/Manifest.lock",
			);
			name = "[CP] Check Pods Manifest.lock";
			outputFileListPaths = (
			);
			outputPaths = (
				"$(DERIVED_FILE_DIR)/Pods-Split1-checkManifestLockResult.txt",
			);
			runOnlyForDeploymentPostprocessing = 0;
			shellPath = /bin/sh;
			shellScript = "diff \"${PODS_PODFILE_DIR_PATH}/Podfile.lock\" \"${PODS_ROOT}/Manifest.lock\" > /dev/null\nif [ $? != 0 ] ; then\n    # print error to STDERR\n    echo \"error: The sandbox is not in sync with the Podfile.lock. Run 'pod install' or update your CocoaPods installation.\" >&2\n    exit 1\nfi\n# This output is used by Xcode 'outputs' to avoid re-running this script phase.\necho \"SUCCESS\" > \"${SCRIPT_OUTPUT_FILE_0}\"\n";
			showEnvVarsInLog = 0;
		};
/* End PBXShellScriptBuildPhase section */

/* Begin PBXSourcesBuildPhase section */
		7FB7C0E922B44F52003C03F4 /* Sources */ = {
			isa = PBXSourcesBuildPhase;
			buildActionMask = 2147483647;
			files = (
				7FF46CE322F08D9800F842C9 /* Person.swift in Sources */,
				7FF7733322CA893C00A7353B /* CostEntry.swift in Sources */,
				7F6B0FD922E8B1D30078C23D /* IntroViewController.swift in Sources */,
				7FB7C0F322B44F52003C03F4 /* SplitViewController.swift in Sources */,
				7FB7C0F122B44F52003C03F4 /* AppDelegate.swift in Sources */,
				7F5C0C472312C0DA00F26963 /* QuantityTableCell.swift in Sources */,
				7FF46CE122F08D4900F842C9 /* Item.swift in Sources */,
				7F7E42B022C674F9001A43F9 /* DinersCostViewController.swift in Sources */,
				7FAB647E22DF68E700EB440E /* SplitTableCell.swift in Sources */,
				7FF21BE322C690BE00BBCDA3 /* FoodViewController.swift in Sources */,
				7F9CAEB622FEFE50000CE91B /* DinerFoodViewController.swift in Sources */,
				7FAB648022DF6E2B00EB440E /* FoodCostViewController.swift in Sources */,
				7FB7C0F922B44F52003C03F4 /* Split1.xcdatamodeld in Sources */,
				7F07F31722C85F03008410C6 /* Settings.swift in Sources */,
				7FB47CFE22B5BF8E00BFBFEE /* DinersViewController.swift in Sources */,
			);
			runOnlyForDeploymentPostprocessing = 0;
		};
/* End PBXSourcesBuildPhase section */

/* Begin PBXVariantGroup section */
		7FB7C0F422B44F52003C03F4 /* Main.storyboard */ = {
			isa = PBXVariantGroup;
			children = (
				7FB7C0F522B44F52003C03F4 /* Base */,
			);
			name = Main.storyboard;
			sourceTree = "<group>";
		};
		7FB7C0FC22B44F59003C03F4 /* LaunchScreen.storyboard */ = {
			isa = PBXVariantGroup;
			children = (
				7FB7C0FD22B44F59003C03F4 /* Base */,
			);
			name = LaunchScreen.storyboard;
			sourceTree = "<group>";
		};
/* End PBXVariantGroup section */

/* Begin XCBuildConfiguration section */
		7FB7C10022B44F59003C03F4 /* Debug */ = {
			isa = XCBuildConfiguration;
			buildSettings = {
				ALWAYS_SEARCH_USER_PATHS = NO;
				CLANG_ANALYZER_NONNULL = YES;
				CLANG_ANALYZER_NUMBER_OBJECT_CONVERSION = YES_AGGRESSIVE;
				CLANG_CXX_LANGUAGE_STANDARD = "gnu++14";
				CLANG_CXX_LIBRARY = "libc++";
				CLANG_ENABLE_MODULES = YES;
				CLANG_ENABLE_OBJC_ARC = YES;
				CLANG_ENABLE_OBJC_WEAK = YES;
				CLANG_WARN_BLOCK_CAPTURE_AUTORELEASING = YES;
				CLANG_WARN_BOOL_CONVERSION = YES;
				CLANG_WARN_COMMA = YES;
				CLANG_WARN_CONSTANT_CONVERSION = YES;
				CLANG_WARN_DEPRECATED_OBJC_IMPLEMENTATIONS = YES;
				CLANG_WARN_DIRECT_OBJC_ISA_USAGE = YES_ERROR;
				CLANG_WARN_DOCUMENTATION_COMMENTS = YES;
				CLANG_WARN_EMPTY_BODY = YES;
				CLANG_WARN_ENUM_CONVERSION = YES;
				CLANG_WARN_INFINITE_RECURSION = YES;
				CLANG_WARN_INT_CONVERSION = YES;
				CLANG_WARN_NON_LITERAL_NULL_CONVERSION = YES;
				CLANG_WARN_OBJC_IMPLICIT_RETAIN_SELF = YES;
				CLANG_WARN_OBJC_LITERAL_CONVERSION = YES;
				CLANG_WARN_OBJC_ROOT_CLASS = YES_ERROR;
				CLANG_WARN_RANGE_LOOP_ANALYSIS = YES;
				CLANG_WARN_STRICT_PROTOTYPES = YES;
				CLANG_WARN_SUSPICIOUS_MOVE = YES;
				CLANG_WARN_UNGUARDED_AVAILABILITY = YES_AGGRESSIVE;
				CLANG_WARN_UNREACHABLE_CODE = YES;
				CLANG_WARN__DUPLICATE_METHOD_MATCH = YES;
				CODE_SIGN_IDENTITY = "iPhone Developer";
				COPY_PHASE_STRIP = NO;
				DEBUG_INFORMATION_FORMAT = dwarf;
				ENABLE_STRICT_OBJC_MSGSEND = YES;
				ENABLE_TESTABILITY = YES;
				GCC_C_LANGUAGE_STANDARD = gnu11;
				GCC_DYNAMIC_NO_PIC = NO;
				GCC_NO_COMMON_BLOCKS = YES;
				GCC_OPTIMIZATION_LEVEL = 0;
				GCC_PREPROCESSOR_DEFINITIONS = (
					"DEBUG=1",
					"$(inherited)",
				);
				GCC_WARN_64_TO_32_BIT_CONVERSION = YES;
				GCC_WARN_ABOUT_RETURN_TYPE = YES_ERROR;
				GCC_WARN_UNDECLARED_SELECTOR = YES;
				GCC_WARN_UNINITIALIZED_AUTOS = YES_AGGRESSIVE;
				GCC_WARN_UNUSED_FUNCTION = YES;
				GCC_WARN_UNUSED_VARIABLE = YES;
				IPHONEOS_DEPLOYMENT_TARGET = 12.2;
				MTL_ENABLE_DEBUG_INFO = INCLUDE_SOURCE;
				MTL_FAST_MATH = YES;
				ONLY_ACTIVE_ARCH = YES;
				SDKROOT = iphoneos;
				SWIFT_ACTIVE_COMPILATION_CONDITIONS = DEBUG;
				SWIFT_OPTIMIZATION_LEVEL = "-Onone";
			};
			name = Debug;
		};
		7FB7C10122B44F59003C03F4 /* Release */ = {
			isa = XCBuildConfiguration;
			buildSettings = {
				ALWAYS_SEARCH_USER_PATHS = NO;
				CLANG_ANALYZER_NONNULL = YES;
				CLANG_ANALYZER_NUMBER_OBJECT_CONVERSION = YES_AGGRESSIVE;
				CLANG_CXX_LANGUAGE_STANDARD = "gnu++14";
				CLANG_CXX_LIBRARY = "libc++";
				CLANG_ENABLE_MODULES = YES;
				CLANG_ENABLE_OBJC_ARC = YES;
				CLANG_ENABLE_OBJC_WEAK = YES;
				CLANG_WARN_BLOCK_CAPTURE_AUTORELEASING = YES;
				CLANG_WARN_BOOL_CONVERSION = YES;
				CLANG_WARN_COMMA = YES;
				CLANG_WARN_CONSTANT_CONVERSION = YES;
				CLANG_WARN_DEPRECATED_OBJC_IMPLEMENTATIONS = YES;
				CLANG_WARN_DIRECT_OBJC_ISA_USAGE = YES_ERROR;
				CLANG_WARN_DOCUMENTATION_COMMENTS = YES;
				CLANG_WARN_EMPTY_BODY = YES;
				CLANG_WARN_ENUM_CONVERSION = YES;
				CLANG_WARN_INFINITE_RECURSION = YES;
				CLANG_WARN_INT_CONVERSION = YES;
				CLANG_WARN_NON_LITERAL_NULL_CONVERSION = YES;
				CLANG_WARN_OBJC_IMPLICIT_RETAIN_SELF = YES;
				CLANG_WARN_OBJC_LITERAL_CONVERSION = YES;
				CLANG_WARN_OBJC_ROOT_CLASS = YES_ERROR;
				CLANG_WARN_RANGE_LOOP_ANALYSIS = YES;
				CLANG_WARN_STRICT_PROTOTYPES = YES;
				CLANG_WARN_SUSPICIOUS_MOVE = YES;
				CLANG_WARN_UNGUARDED_AVAILABILITY = YES_AGGRESSIVE;
				CLANG_WARN_UNREACHABLE_CODE = YES;
				CLANG_WARN__DUPLICATE_METHOD_MATCH = YES;
				CODE_SIGN_IDENTITY = "iPhone Developer";
				COPY_PHASE_STRIP = NO;
				DEBUG_INFORMATION_FORMAT = "dwarf-with-dsym";
				ENABLE_NS_ASSERTIONS = NO;
				ENABLE_STRICT_OBJC_MSGSEND = YES;
				GCC_C_LANGUAGE_STANDARD = gnu11;
				GCC_NO_COMMON_BLOCKS = YES;
				GCC_WARN_64_TO_32_BIT_CONVERSION = YES;
				GCC_WARN_ABOUT_RETURN_TYPE = YES_ERROR;
				GCC_WARN_UNDECLARED_SELECTOR = YES;
				GCC_WARN_UNINITIALIZED_AUTOS = YES_AGGRESSIVE;
				GCC_WARN_UNUSED_FUNCTION = YES;
				GCC_WARN_UNUSED_VARIABLE = YES;
				IPHONEOS_DEPLOYMENT_TARGET = 12.2;
				MTL_ENABLE_DEBUG_INFO = NO;
				MTL_FAST_MATH = YES;
				SDKROOT = iphoneos;
				SWIFT_COMPILATION_MODE = wholemodule;
				SWIFT_OPTIMIZATION_LEVEL = "-O";
				VALIDATE_PRODUCT = YES;
			};
			name = Release;
		};
		7FB7C10322B44F59003C03F4 /* Debug */ = {
			isa = XCBuildConfiguration;
			baseConfigurationReference = 48FBA6CCE5070BAC99204B82 /* Pods-Split1.debug.xcconfig */;
			buildSettings = {
				ASSETCATALOG_COMPILER_APPICON_NAME = AppIcon;
				CODE_SIGN_STYLE = Automatic;
				DEVELOPMENT_TEAM = GAVM2Q8R9W;
				INFOPLIST_FILE = Split1/Info.plist;
				IPHONEOS_DEPLOYMENT_TARGET = 12.2;
				LD_RUNPATH_SEARCH_PATHS = (
					"$(inherited)",
					"@executable_path/Frameworks",
				);
				PRODUCT_BUNDLE_IDENTIFIER = com.nottagemews.Split1;
				PRODUCT_NAME = "$(TARGET_NAME)";
				SWIFT_VERSION = 5.0;
				TARGETED_DEVICE_FAMILY = "1,2";
			};
			name = Debug;
		};
		7FB7C10422B44F59003C03F4 /* Release */ = {
			isa = XCBuildConfiguration;
			baseConfigurationReference = A8E09B714F875D5ED3DCD995 /* Pods-Split1.release.xcconfig */;
			buildSettings = {
				ASSETCATALOG_COMPILER_APPICON_NAME = AppIcon;
				CODE_SIGN_STYLE = Automatic;
				DEVELOPMENT_TEAM = GAVM2Q8R9W;
				INFOPLIST_FILE = Split1/Info.plist;
				IPHONEOS_DEPLOYMENT_TARGET = 12.2;
				LD_RUNPATH_SEARCH_PATHS = (
					"$(inherited)",
					"@executable_path/Frameworks",
				);
				PRODUCT_BUNDLE_IDENTIFIER = com.nottagemews.Split1;
				PRODUCT_NAME = "$(TARGET_NAME)";
				SWIFT_VERSION = 5.0;
				TARGETED_DEVICE_FAMILY = "1,2";
			};
			name = Release;
		};
/* End XCBuildConfiguration section */

/* Begin XCConfigurationList section */
		7FB7C0E822B44F51003C03F4 /* Build configuration list for PBXProject "SPLIT!" */ = {
			isa = XCConfigurationList;
			buildConfigurations = (
				7FB7C10022B44F59003C03F4 /* Debug */,
				7FB7C10122B44F59003C03F4 /* Release */,
			);
			defaultConfigurationIsVisible = 0;
			defaultConfigurationName = Release;
		};
		7FB7C10222B44F59003C03F4 /* Build configuration list for PBXNativeTarget "SPLIT!" */ = {
			isa = XCConfigurationList;
			buildConfigurations = (
				7FB7C10322B44F59003C03F4 /* Debug */,
				7FB7C10422B44F59003C03F4 /* Release */,
			);
			defaultConfigurationIsVisible = 0;
			defaultConfigurationName = Release;
		};
/* End XCConfigurationList section */

/* Begin XCVersionGroup section */
		7FB7C0F722B44F52003C03F4 /* Split1.xcdatamodeld */ = {
			isa = XCVersionGroup;
			children = (
				7FB7C0F822B44F52003C03F4 /* Split1.xcdatamodel */,
			);
			currentVersion = 7FB7C0F822B44F52003C03F4 /* Split1.xcdatamodel */;
			path = Split1.xcdatamodeld;
			sourceTree = "<group>";
			versionGroupType = wrapper.xcdatamodel;
		};
/* End XCVersionGroup section */
	};
	rootObject = 7FB7C0E522B44F51003C03F4 /* Project object */;
}
